{
    "name": "burkhardmeyer",
    "version": "1.0.0",
    "lockfileVersion": 1,
    "requires": true,
    "dependencies": {
        "fg-loadcss": {
            "version": "2.1.0",
            "resolved": "https://registry.npmjs.org/fg-loadcss/-/fg-loadcss-2.1.0.tgz",
            "integrity": "sha512-HpvR2uRoKvrYAEwimw+k4Fr2NVHYPfld5Lc/f9uy3mKeUTXhS5urL24XA2rqyq5b2i410EXCLir4Uhsb8J1QaQ=="
        },
        "fontfaceobserver": {
            "version": "2.1.0",
            "resolved": "https://registry.npmjs.org/fontfaceobserver/-/fontfaceobserver-2.1.0.tgz",
            "integrity": "sha512-ReOsO2F66jUa0jmv2nlM/s1MiutJx/srhAe2+TE8dJCMi02ZZOcCTxTCQFr3Yet+uODUtnr4Mewg+tNQ+4V1Ng=="
        },
        "jquery": {
            "version": "3.4.1",
            "resolved": "https://registry.npmjs.org/jquery/-/jquery-3.4.1.tgz",
            "integrity": "sha512-36+AdBzCL+y6qjw5Tx7HgzeGCzC81MDDgaUP8ld2zhx58HdqXGoBd+tHdrBMiyjGQs0Hxs/MLZTu/eHNJJuWPw=="
        },
        "lazysizes": {
            "version": "5.2.0",
            "resolved": "https://registry.npmjs.org/lazysizes/-/lazysizes-5.2.0.tgz",
            "integrity": "sha512-931KnHwsdCm7U7/S0GDj6FSkPvQ3ugGw65J5Plp2Mq1gBTPl9VShU+cIIX6uRr+dit+APDLmvx1FwjDll5bHLQ=="
        },
        "loadjs": {
            "version": "4.2.0",
            "resolved": "https://registry.npmjs.org/loadjs/-/loadjs-4.2.0.tgz",
            "integrity": "sha512-AgQGZisAlTPbTEzrHPb6q+NYBMD+DP9uvGSIjSUM5uG+0jG15cb8axWpxuOIqrmQjn6scaaH8JwloiP27b2KXA=="
        },
        "normalize.css": {
            "version": "8.0.1",
            "resolved": "https://registry.npmjs.org/normalize.css/-/normalize.css-8.0.1.tgz",
            "integrity": "sha512-qizSNPO93t1YUuUhP22btGOo3chcvDFqFaj2TRybP0DMxkHOCTYwp3n34fel4a31ORXy4m1Xq0Gyqpb5m33qIg=="
        },
        "picturefill": {
            "version": "3.0.3",
            "resolved": "https://registry.npmjs.org/picturefill/-/picturefill-3.0.3.tgz",
            "integrity": "sha512-JDdx+3i4fs2pkqwWZJgGEM2vFWsq+01YsQFT9CKPGuv2Q0xSdrQZoxi9XwyNARTgxiOdgoAwWQRluLRe/JQX2g=="
        }
    }
}
